{
  "name": "Find Components",
  "version": "1.0.0",
  "lockfileVersion": 2,
  "requires": true,
  "packages": {
    "": {
      "name": "Find Components",
      "version": "1.0.0",
      "license": "MIT",
      "dependencies": {
        "xhr2": "^0.2.1"
      },
      "devDependencies": {
        "@figma/plugin-typings": "^1.58.0"
      }
    },
    "node_modules/@figma/plugin-typings": {
      "version": "1.58.0",
      "resolved": "https://registry.npmjs.org/@figma/plugin-typings/-/plugin-typings-1.58.0.tgz",
      "integrity": "sha512-to6hFysqZYACz4VNgaBXflOVS+1pbXGNVcezDmQEMcADDkIZeAZ71Zfqf/B2YDRmU3sM1xX5Q5NkRGhjCuLOLg==",
      "dev": true
    },
    "node_modules/xhr2": {
      "version": "0.2.1",
      "resolved": "https://registry.npmjs.org/xhr2/-/xhr2-0.2.1.tgz",
      "integrity": "sha512-sID0rrVCqkVNUn8t6xuv9+6FViXjUVXq8H5rWOH2rz9fDNQEd4g0EA2XlcEdJXRz5BMEn4O1pJFdT+z4YHhoWw==",
      "engines": {
        "node": ">= 6"
      }
    }
  },
  "dependencies": {
    "@figma/plugin-typings": {
      "version": "1.58.0",
      "resolved": "https://registry.npmjs.org/@figma/plugin-typings/-/plugin-typings-1.58.0.tgz",
      "integrity": "sha512-to6hFysqZYACz4VNgaBXflOVS+1pbXGNVcezDmQEMcADDkIZeAZ71Zfqf/B2YDRmU3sM1xX5Q5NkRGhjCuLOLg==",
      "dev": true
    },
    "xhr2": {
      "version": "0.2.1",
      "resolved": "https://registry.npmjs.org/xhr2/-/xhr2-0.2.1.tgz",
      "integrity": "sha512-sID0rrVCqkVNUn8t6xuv9+6FViXjUVXq8H5rWOH2rz9fDNQEd4g0EA2XlcEdJXRz5BMEn4O1pJFdT+z4YHhoWw=="
    }
  }
}
